// !$*UTF8*$!
{
	archiveVersion = 1;
	classes = {
	};
	objectVersion = 50;
	objects = {

/* Begin PBXBuildFile section */
		F8627C4222F441C700A6F1D2 /* AppDelegate.swift in Sources */ = {isa = PBXBuildFile; fileRef = F8627C4122F441C700A6F1D2 /* AppDelegate.swift */; };
		F8627C4422F441C700A6F1D2 /* ViewController.swift in Sources */ = {isa = PBXBuildFile; fileRef = F8627C4322F441C700A6F1D2 /* ViewController.swift */; };
		F8627C4722F441C700A6F1D2 /* Main.storyboard in Resources */ = {isa = PBXBuildFile; fileRef = F8627C4522F441C700A6F1D2 /* Main.storyboard */; };
		F8627C4922F441C800A6F1D2 /* Assets.xcassets in Resources */ = {isa = PBXBuildFile; fileRef = F8627C4822F441C800A6F1D2 /* Assets.xcassets */; };
		F8627C4C22F441C800A6F1D2 /* LaunchScreen.storyboard in Resources */ = {isa = PBXBuildFile; fileRef = F8627C4A22F441C800A6F1D2 /* LaunchScreen.storyboard */; };
		F8627C5722F441C800A6F1D2 /* imageAndCameraTests.swift in Sources */ = {isa = PBXBuildFile; fileRef = F8627C5622F441C800A6F1D2 /* imageAndCameraTests.swift */; };
		F8627C6222F441C800A6F1D2 /* imageAndCameraUITests.swift in Sources */ = {isa = PBXBuildFile; fileRef = F8627C6122F441C800A6F1D2 /* imageAndCameraUITests.swift */; };
/* End PBXBuildFile section */

/* Begin PBXContainerItemProxy section */
		F8627C5322F441C800A6F1D2 /* PBXContainerItemProxy */ = {
			isa = PBXContainerItemProxy;
			containerPortal = F8627C3622F441C700A6F1D2 /* Project object */;
			proxyType = 1;
			remoteGlobalIDString = F8627C3D22F441C700A6F1D2;
			remoteInfo = imageAndCamera;
		};
		F8627C5E22F441C800A6F1D2 /* PBXContainerItemProxy */ = {
			isa = PBXContainerItemProxy;
			containerPortal = F8627C3622F441C700A6F1D2 /* Project object */;
			proxyType = 1;
			remoteGlobalIDString = F8627C3D22F441C700A6F1D2;
			remoteInfo = imageAndCamera;
		};
/* End PBXContainerItemProxy section */

/* Begin PBXFileReference section */
		F8627C3E22F441C700A6F1D2 /* imageAndCamera.app */ = {isa = PBXFileReference; explicitFileType = wrapper.application; includeInIndex = 0; path = imageAndCamera.app; sourceTree = BUILT_PRODUCTS_DIR; };
		F8627C4122F441C700A6F1D2 /* AppDelegate.swift */ = {isa = PBXFileReference; lastKnownFileType = sourcecode.swift; path = AppDelegate.swift; sourceTree = "<group>"; };
		F8627C4322F441C700A6F1D2 /* ViewController.swift */ = {isa = PBXFileReference; lastKnownFileType = sourcecode.swift; path = ViewController.swift; sourceTree = "<group>"; };
		F8627C4622F441C700A6F1D2 /* Base */ = {isa = PBXFileReference; lastKnownFileType = file.storyboard; name = Base; path = Base.lproj/Main.storyboard; sourceTree = "<group>"; };
		F8627C4822F441C800A6F1D2 /* Assets.xcassets */ = {isa = PBXFileReference; lastKnownFileType = folder.assetcatalog; path = Assets.xcassets; sourceTree = "<group>"; };
		F8627C4B22F441C800A6F1D2 /* Base */ = {isa = PBXFileReference; lastKnownFileType = file.storyboard; name = Base; path = Base.lproj/LaunchScreen.storyboard; sourceTree = "<group>"; };
		F8627C4D22F441C800A6F1D2 /* Info.plist */ = {isa = PBXFileReference; lastKnownFileType = text.plist.xml; path = Info.plist; sourceTree = "<group>"; };
		F8627C5222F441C800A6F1D2 /* imageAndCameraTests.xctest */ = {isa = PBXFileReference; explicitFileType = wrapper.cfbundle; includeInIndex = 0; path = imageAndCameraTests.xctest; sourceTree = BUILT_PRODUCTS_DIR; };
		F8627C5622F441C800A6F1D2 /* imageAndCameraTests.swift */ = {isa = PBXFileReference; lastKnownFileType = sourcecode.swift; path = imageAndCameraTests.swift; sourceTree = "<group>"; };
		F8627C5822F441C800A6F1D2 /* Info.plist */ = {isa = PBXFileReference; lastKnownFileType = text.plist.xml; path = Info.plist; sourceTree = "<group>"; };
		F8627C5D22F441C800A6F1D2 /* imageAndCameraUITests.xctest */ = {isa = PBXFileReference; explicitFileType = wrapper.cfbundle; includeInIndex = 0; path = imageAndCameraUITests.xctest; sourceTree = BUILT_PRODUCTS_DIR; };
		F8627C6122F441C800A6F1D2 /* imageAndCameraUITests.swift */ = {isa = PBXFileReference; lastKnownFileType = sourcecode.swift; path = imageAndCameraUITests.swift; sourceTree = "<group>"; };
		F8627C6322F441C800A6F1D2 /* Info.plist */ = {isa = PBXFileReference; lastKnownFileType = text.plist.xml; path = Info.plist; sourceTree = "<group>"; };
/* End PBXFileReference section */

/* Begin PBXFrameworksBuildPhase section */
		F8627C3B22F441C700A6F1D2 /* Frameworks */ = {
			isa = PBXFrameworksBuildPhase;
			buildActionMask = 2147483647;
			files = (
			);
			runOnlyForDeploymentPostprocessing = 0;
		};
		F8627C4F22F441C800A6F1D2 /* Frameworks */ = {
			isa = PBXFrameworksBuildPhase;
			buildActionMask = 2147483647;
			files = (
			);
			runOnlyForDeploymentPostprocessing = 0;
		};
		F8627C5A22F441C800A6F1D2 /* Frameworks */ = {
			isa = PBXFrameworksBuildPhase;
			buildActionMask = 2147483647;
			files = (
			);
			runOnlyForDeploymentPostprocessing = 0;
		};
/* End PBXFrameworksBuildPhase section */

/* Begin PBXGroup section */
		F8627C3522F441C700A6F1D2 = {
			isa = PBXGroup;
			children = (
				F8627C4022F441C700A6F1D2 /* imageAndCamera */,
				F8627C5522F441C800A6F1D2 /* imageAndCameraTests */,
				F8627C6022F441C800A6F1D2 /* imageAndCameraUITests */,
				F8627C3F22F441C700A6F1D2 /* Products */,
			);
			sourceTree = "<group>";
		};
		F8627C3F22F441C700A6F1D2 /* Products */ = {
			isa = PBXGroup;
			children = (
				F8627C3E22F441C700A6F1D2 /* imageAndCamera.app */,
				F8627C5222F441C800A6F1D2 /* imageAndCameraTests.xctest */,
				F8627C5D22F441C800A6F1D2 /* imageAndCameraUITests.xctest */,
			);
			name = Products;
			sourceTree = "<group>";
		};
		F8627C4022F441C700A6F1D2 /* imageAndCamera */ = {
			isa = PBXGroup;
			children = (
				F8627C4122F441C700A6F1D2 /* AppDelegate.swift */,
				F8627C4322F441C700A6F1D2 /* ViewController.swift */,
				F8627C4522F441C700A6F1D2 /* Main.storyboard */,
				F8627C4822F441C800A6F1D2 /* Assets.xcassets */,
				F8627C4A22F441C800A6F1D2 /* LaunchScreen.storyboard */,
				F8627C4D22F441C800A6F1D2 /* Info.plist */,
			);
			path = imageAndCamera;
			sourceTree = "<group>";
		};
		F8627C5522F441C800A6F1D2 /* imageAndCameraTests */ = {
			isa = PBXGroup;
			children = (
				F8627C5622F441C800A6F1D2 /* imageAndCameraTests.swift */,
				F8627C5822F441C800A6F1D2 /* Info.plist */,
			);
			path = imageAndCameraTests;
			sourceTree = "<group>";
		};
		F8627C6022F441C800A6F1D2 /* imageAndCameraUITests */ = {
			isa = PBXGroup;
			children = (
				F8627C6122F441C800A6F1D2 /* imageAndCameraUITests.swift */,
				F8627C6322F441C800A6F1D2 /* Info.plist */,
			);
			path = imageAndCameraUITests;
			sourceTree = "<group>";
		};
/* End PBXGroup section */

/* Begin PBXNativeTarget section */
		F8627C3D22F441C700A6F1D2 /* imageAndCamera */ = {
			isa = PBXNativeTarget;
			buildConfigurationList = F8627C6622F441C800A6F1D2 /* Build configuration list for PBXNativeTarget "imageAndCamera" */;
			buildPhases = (
				F8627C3A22F441C700A6F1D2 /* Sources */,
				F8627C3B22F441C700A6F1D2 /* Frameworks */,
				F8627C3C22F441C700A6F1D2 /* Resources */,
			);
			buildRules = (
			);
			dependencies = (
			);
			name = imageAndCamera;
			productName = imageAndCamera;
			productReference = F8627C3E22F441C700A6F1D2 /* imageAndCamera.app */;
			productType = "com.apple.product-type.application";
		};
		F8627C5122F441C800A6F1D2 /* imageAndCameraTests */ = {
			isa = PBXNativeTarget;
			buildConfigurationList = F8627C6922F441C800A6F1D2 /* Build configuration list for PBXNativeTarget "imageAndCameraTests" */;
			buildPhases = (
				F8627C4E22F441C800A6F1D2 /* Sources */,
				F8627C4F22F441C800A6F1D2 /* Frameworks */,
				F8627C5022F441C800A6F1D2 /* Resources */,
			);
			buildRules = (
			);
			dependencies = (
				F8627C5422F441C800A6F1D2 /* PBXTargetDependency */,
			);
			name = imageAndCameraTests;
			productName = imageAndCameraTests;
			productReference = F8627C5222F441C800A6F1D2 /* imageAndCameraTests.xctest */;
			productType = "com.apple.product-type.bundle.unit-test";
		};
		F8627C5C22F441C800A6F1D2 /* imageAndCameraUITests */ = {
			isa = PBXNativeTarget;
			buildConfigurationList = F8627C6C22F441C800A6F1D2 /* Build configuration list for PBXNativeTarget "imageAndCameraUITests" */;
			buildPhases = (
				F8627C5922F441C800A6F1D2 /* Sources */,
				F8627C5A22F441C800A6F1D2 /* Frameworks */,
				F8627C5B22F441C800A6F1D2 /* Resources */,
			);
			buildRules = (
			);
			dependencies = (
				F8627C5F22F441C800A6F1D2 /* PBXTargetDependency */,
			);
			name = imageAndCameraUITests;
			productName = imageAndCameraUITests;
			productReference = F8627C5D22F441C800A6F1D2 /* imageAndCameraUITests.xctest */;
			productType = "com.apple.product-type.bundle.ui-testing";
		};
/* End PBXNativeTarget section */

/* Begin PBXProject section */
		F8627C3622F441C700A6F1D2 /* Project object */ = {
			isa = PBXProject;
			attributes = {
				LastSwiftUpdateCheck = 1020;
				LastUpgradeCheck = 1020;
				ORGANIZATIONNAME = "Hue Woon Kim";
				TargetAttributes = {
					F8627C3D22F441C700A6F1D2 = {
						CreatedOnToolsVersion = 10.2.1;
					};
					F8627C5122F441C800A6F1D2 = {
						CreatedOnToolsVersion = 10.2.1;
						TestTargetID = F8627C3D22F441C700A6F1D2;
					};
					F8627C5C22F441C800A6F1D2 = {
						CreatedOnToolsVersion = 10.2.1;
						TestTargetID = F8627C3D22F441C700A6F1D2;
					};
				};
			};
			buildConfigurationList = F8627C3922F441C700A6F1D2 /* Build configuration list for PBXProject "imageAndCamera" */;
			compatibilityVersion = "Xcode 9.3";
			developmentRegion = en;
			hasScannedForEncodings = 0;
			knownRegions = (
				en,
				Base,
			);
			mainGroup = F8627C3522F441C700A6F1D2;
			productRefGroup = F8627C3F22F441C700A6F1D2 /* Products */;
			projectDirPath = "";
			projectRoot = "";
			targets = (
				F8627C3D22F441C700A6F1D2 /* imageAndCamera */,
				F8627C5122F441C800A6F1D2 /* imageAndCameraTests */,
				F8627C5C22F441C800A6F1D2 /* imageAndCameraUITests */,
			);
		};
/* End PBXProject section */

/* Begin PBXResourcesBuildPhase section */
		F8627C3C22F441C700A6F1D2 /* Resources */ = {
			isa = PBXResourcesBuildPhase;
			buildActionMask = 2147483647;
			files = (
				F8627C4C22F441C800A6F1D2 /* LaunchScreen.storyboard in Resources */,
				F8627C4922F441C800A6F1D2 /* Assets.xcassets in Resources */,
				F8627C4722F441C700A6F1D2 /* Main.storyboard in Resources */,
			);
			runOnlyForDeploymentPostprocessing = 0;
		};
		F8627C5022F441C800A6F1D2 /* Resources */ = {
			isa = PBXResourcesBuildPhase;
			buildActionMask = 2147483647;
			files = (
			);
			runOnlyForDeploymentPostprocessing = 0;
		};
		F8627C5B22F441C800A6F1D2 /* Resources */ = {
			isa = PBXResourcesBuildPhase;
			buildActionMask = 2147483647;
			files = (
			);
			runOnlyForDeploymentPostprocessing = 0;
		};
/* End PBXResourcesBuildPhase section */

/* Begin PBXSourcesBuildPhase section */
		F8627C3A22F441C700A6F1D2 /* Sources */ = {
			isa = PBXSourcesBuildPhase;
			buildActionMask = 2147483647;
			files = (
				F8627C4422F441C700A6F1D2 /* ViewController.swift in Sources */,
				F8627C4222F441C700A6F1D2 /* AppDelegate.swift in Sources */,
			);
			runOnlyForDeploymentPostprocessing = 0;
		};
		F8627C4E22F441C800A6F1D2 /* Sources */ = {
			isa = PBXSourcesBuildPhase;
			buildActionMask = 2147483647;
			files = (
				F8627C5722F441C800A6F1D2 /* imageAndCameraTests.swift in Sources */,
			);
			runOnlyForDeploymentPostprocessing = 0;
		};
		F8627C5922F441C800A6F1D2 /* Sources */ = {
			isa = PBXSourcesBuildPhase;
			buildActionMask = 2147483647;
			files = (
				F8627C6222F441C800A6F1D2 /* imageAndCameraUITests.swift in Sources */,
			);
			runOnlyForDeploymentPostprocessing = 0;
		};
/* End PBXSourcesBuildPhase section */

/* Begin PBXTargetDependency section */
		F8627C5422F441C800A6F1D2 /* PBXTargetDependency */ = {
			isa = PBXTargetDependency;
			target = F8627C3D22F441C700A6F1D2 /* imageAndCamera */;
			targetProxy = F8627C5322F441C800A6F1D2 /* PBXContainerItemProxy */;
		};
		F8627C5F22F441C800A6F1D2 /* PBXTargetDependency */ = {
			isa = PBXTargetDependency;
			target = F8627C3D22F441C700A6F1D2 /* imageAndCamera */;
			targetProxy = F8627C5E22F441C800A6F1D2 /* PBXContainerItemProxy */;
		};
/* End PBXTargetDependency section */

/* Begin PBXVariantGroup section */
		F8627C4522F441C700A6F1D2 /* Main.storyboard */ = {
			isa = PBXVariantGroup;
			children = (
				F8627C4622F441C700A6F1D2 /* Base */,
			);
			name = Main.storyboard;
			sourceTree = "<group>";
		};
		F8627C4A22F441C800A6F1D2 /* LaunchScreen.storyboard */ = {
			isa = PBXVariantGroup;
			children = (
				F8627C4B22F441C800A6F1D2 /* Base */,
			);
			name = LaunchScreen.storyboard;
			sourceTree = "<group>";
		};
/* End PBXVariantGroup section */

/* Begin XCBuildConfiguration section */
		F8627C6422F441C800A6F1D2 /* Debug */ = {
			isa = XCBuildConfiguration;
			buildSettings = {
				ALWAYS_SEARCH_USER_PATHS = NO;
				CLANG_ANALYZER_NONNULL = YES;
				CLANG_ANALYZER_NUMBER_OBJECT_CONVERSION = YES_AGGRESSIVE;
				CLANG_CXX_LANGUAGE_STANDARD = "gnu++14";
				CLANG_CXX_LIBRARY = "libc++";
				CLANG_ENABLE_MODULES = YES;
				CLANG_ENABLE_OBJC_ARC = YES;
				CLANG_ENABLE_OBJC_WEAK = YES;
				CLANG_WARN_BLOCK_CAPTURE_AUTORELEASING = YES;
				CLANG_WARN_BOOL_CONVERSION = YES;
				CLANG_WARN_COMMA = YES;
				CLANG_WARN_CONSTANT_CONVERSION = YES;
				CLANG_WARN_DEPRECATED_OBJC_IMPLEMENTATIONS = YES;
				CLANG_WARN_DIRECT_OBJC_ISA_USAGE = YES_ERROR;
				CLANG_WARN_DOCUMENTATION_COMMENTS = YES;
				CLANG_WARN_EMPTY_BODY = YES;
				CLANG_WARN_ENUM_CONVERSION = YES;
				CLANG_WARN_INFINITE_RECURSION = YES;
				CLANG_WARN_INT_CONVERSION = YES;
				CLANG_WARN_NON_LITERAL_NULL_CONVERSION = YES;
				CLANG_WARN_OBJC_IMPLICIT_RETAIN_SELF = YES;
				CLANG_WARN_OBJC_LITERAL_CONVERSION = YES;
				CLANG_WARN_OBJC_ROOT_CLASS = YES_ERROR;
				CLANG_WARN_RANGE_LOOP_ANALYSIS = YES;
				CLANG_WARN_STRICT_PROTOTYPES = YES;
				CLANG_WARN_SUSPICIOUS_MOVE = YES;
				CLANG_WARN_UNGUARDED_AVAILABILITY = YES_AGGRESSIVE;
				CLANG_WARN_UNREACHABLE_CODE = YES;
				CLANG_WARN__DUPLICATE_METHOD_MATCH = YES;
				CODE_SIGN_IDENTITY = "iPhone Developer";
				COPY_PHASE_STRIP = NO;
				DEBUG_INFORMATION_FORMAT = dwarf;
				ENABLE_STRICT_OBJC_MSGSEND = YES;
				ENABLE_TESTABILITY = YES;
				GCC_C_LANGUAGE_STANDARD = gnu11;
				GCC_DYNAMIC_NO_PIC = NO;
				GCC_NO_COMMON_BLOCKS = YES;
				GCC_OPTIMIZATION_LEVEL = 0;
				GCC_PREPROCESSOR_DEFINITIONS = (
					"DEBUG=1",
					"$(inherited)",
				);
				GCC_WARN_64_TO_32_BIT_CONVERSION = YES;
				GCC_WARN_ABOUT_RETURN_TYPE = YES_ERROR;
				GCC_WARN_UNDECLARED_SELECTOR = YES;
				GCC_WARN_UNINITIALIZED_AUTOS = YES_AGGRESSIVE;
				GCC_WARN_UNUSED_FUNCTION = YES;
				GCC_WARN_UNUSED_VARIABLE = YES;
				IPHONEOS_DEPLOYMENT_TARGET = 12.2;
				MTL_ENABLE_DEBUG_INFO = INCLUDE_SOURCE;
				MTL_FAST_MATH = YES;
				ONLY_ACTIVE_ARCH = YES;
				SDKROOT = iphoneos;
				SWIFT_ACTIVE_COMPILATION_CONDITIONS = DEBUG;
				SWIFT_OPTIMIZATION_LEVEL = "-Onone";
			};
			name = Debug;
		};
		F8627C6522F441C800A6F1D2 /* Release */ = {
			isa = XCBuildConfiguration;
			buildSettings = {
				ALWAYS_SEARCH_USER_PATHS = NO;
				CLANG_ANALYZER_NONNULL = YES;
				CLANG_ANALYZER_NUMBER_OBJECT_CONVERSION = YES_AGGRESSIVE;
				CLANG_CXX_LANGUAGE_STANDARD = "gnu++14";
				CLANG_CXX_LIBRARY = "libc++";
				CLANG_ENABLE_MODULES = YES;
				CLANG_ENABLE_OBJC_ARC = YES;
				CLANG_ENABLE_OBJC_WEAK = YES;
				CLANG_WARN_BLOCK_CAPTURE_AUTORELEASING = YES;
				CLANG_WARN_BOOL_CONVERSION = YES;
				CLANG_WARN_COMMA = YES;
				CLANG_WARN_CONSTANT_CONVERSION = YES;
				CLANG_WARN_DEPRECATED_OBJC_IMPLEMENTATIONS = YES;
				CLANG_WARN_DIRECT_OBJC_ISA_USAGE = YES_ERROR;
				CLANG_WARN_DOCUMENTATION_COMMENTS = YES;
				CLANG_WARN_EMPTY_BODY = YES;
				CLANG_WARN_ENUM_CONVERSION = YES;
				CLANG_WARN_INFINITE_RECURSION = YES;
				CLANG_WARN_INT_CONVERSION = YES;
				CLANG_WARN_NON_LITERAL_NULL_CONVERSION = YES;
				CLANG_WARN_OBJC_IMPLICIT_RETAIN_SELF = YES;
				CLANG_WARN_OBJC_LITERAL_CONVERSION = YES;
				CLANG_WARN_OBJC_ROOT_CLASS = YES_ERROR;
				CLANG_WARN_RANGE_LOOP_ANALYSIS = YES;
				CLANG_WARN_STRICT_PROTOTYPES = YES;
				CLANG_WARN_SUSPICIOUS_MOVE = YES;
				CLANG_WARN_UNGUARDED_AVAILABILITY = YES_AGGRESSIVE;
				CLANG_WARN_UNREACHABLE_CODE = YES;
				CLANG_WARN__DUPLICATE_METHOD_MATCH = YES;
				CODE_SIGN_IDENTITY = "iPhone Developer";
				COPY_PHASE_STRIP = NO;
				DEBUG_INFORMATION_FORMAT = "dwarf-with-dsym";
				ENABLE_NS_ASSERTIONS = NO;
				ENABLE_STRICT_OBJC_MSGSEND = YES;
				GCC_C_LANGUAGE_STANDARD = gnu11;
				GCC_NO_COMMON_BLOCKS = YES;
				GCC_WARN_64_TO_32_BIT_CONVERSION = YES;
				GCC_WARN_ABOUT_RETURN_TYPE = YES_ERROR;
				GCC_WARN_UNDECLARED_SELECTOR = YES;
				GCC_WARN_UNINITIALIZED_AUTOS = YES_AGGRESSIVE;
				GCC_WARN_UNUSED_FUNCTION = YES;
				GCC_WARN_UNUSED_VARIABLE = YES;
				IPHONEOS_DEPLOYMENT_TARGET = 12.2;
				MTL_ENABLE_DEBUG_INFO = NO;
				MTL_FAST_MATH = YES;
				SDKROOT = iphoneos;
				SWIFT_COMPILATION_MODE = wholemodule;
				SWIFT_OPTIMIZATION_LEVEL = "-O";
				VALIDATE_PRODUCT = YES;
			};
			name = Release;
		};
		F8627C6722F441C800A6F1D2 /* Debug */ = {
			isa = XCBuildConfiguration;
			buildSettings = {
				ASSETCATALOG_COMPILER_APPICON_NAME = AppIcon;
				CODE_SIGN_STYLE = Automatic;
				DEVELOPMENT_TEAM = 9YH73QT2N7;
				INFOPLIST_FILE = imageAndCamera/Info.plist;
				LD_RUNPATH_SEARCH_PATHS = (
					"$(inherited)",
					"@executable_path/Frameworks",
				);
				PRODUCT_BUNDLE_IDENTIFIER = com.mytest.imageAndCamera;
				PRODUCT_NAME = "$(TARGET_NAME)";
				SWIFT_VERSION = 5.0;
				TARGETED_DEVICE_FAMILY = "1,2";
			};
			name = Debug;
		};
		F8627C6822F441C800A6F1D2 /* Release */ = {
			isa = XCBuildConfiguration;
			buildSettings = {
				ASSETCATALOG_COMPILER_APPICON_NAME = AppIcon;
				CODE_SIGN_STYLE = Automatic;
				DEVELOPMENT_TEAM = 9YH73QT2N7;
				INFOPLIST_FILE = imageAndCamera/Info.plist;
				LD_RUNPATH_SEARCH_PATHS = (
					"$(inherited)",
					"@executable_path/Frameworks",
				);
				PRODUCT_BUNDLE_IDENTIFIER = com.mytest.imageAndCamera;
				PRODUCT_NAME = "$(TARGET_NAME)";
				SWIFT_VERSION = 5.0;
				TARGETED_DEVICE_FAMILY = "1,2";
			};
			name = Release;
		};
		F8627C6A22F441C800A6F1D2 /* Debug */ = {
			isa = XCBuildConfiguration;
			buildSettings = {
				ALWAYS_EMBED_SWIFT_STANDARD_LIBRARIES = YES;
				BUNDLE_LOADER = "$(TEST_HOST)";
				CODE_SIGN_STYLE = Automatic;
				DEVELOPMENT_TEAM = 9YH73QT2N7;
				INFOPLIST_FILE = imageAndCameraTests/Info.plist;
				LD_RUNPATH_SEARCH_PATHS = (
					"$(inherited)",
					"@executable_path/Frameworks",
					"@loader_path/Frameworks",
				);
				PRODUCT_BUNDLE_IDENTIFIER = com.mytest.imageAndCameraTests;
				PRODUCT_NAME = "$(TARGET_NAME)";
				SWIFT_VERSION = 5.0;
				TARGETED_DEVICE_FAMILY = "1,2";
				TEST_HOST = "$(BUILT_PRODUCTS_DIR)/imageAndCamera.app/imageAndCamera";
			};
			name = Debug;
		};
		F8627C6B22F441C800A6F1D2 /* Release */ = {
			isa = XCBuildConfiguration;
			buildSettings = {
				ALWAYS_EMBED_SWIFT_STANDARD_LIBRARIES = YES;
				BUNDLE_LOADER = "$(TEST_HOST)";
				CODE_SIGN_STYLE = Automatic;
				DEVELOPMENT_TEAM = 9YH73QT2N7;
				INFOPLIST_FILE = imageAndCameraTests/Info.plist;
				LD_RUNPATH_SEARCH_PATHS = (
					"$(inherited)",
					"@executable_path/Frameworks",
					"@loader_path/Frameworks",
				);
				PRODUCT_BUNDLE_IDENTIFIER = com.mytest.imageAndCameraTests;
				PRODUCT_NAME = "$(TARGET_NAME)";
				SWIFT_VERSION = 5.0;
				TARGETED_DEVICE_FAMILY = "1,2";
				TEST_HOST = "$(BUILT_PRODUCTS_DIR)/imageAndCamera.app/imageAndCamera";
			};
			name = Release;
		};
		F8627C6D22F441C800A6F1D2 /* Debug */ = {
			isa = XCBuildConfiguration;
			buildSettings = {
				ALWAYS_EMBED_SWIFT_STANDARD_LIBRARIES = YES;
				CODE_SIGN_STYLE = Automatic;
				DEVELOPMENT_TEAM = 9YH73QT2N7;
				INFOPLIST_FILE = imageAndCameraUITests/Info.plist;
				LD_RUNPATH_SEARCH_PATHS = (
					"$(inherited)",
					"@executable_path/Frameworks",
					"@loader_path/Frameworks",
				);
				PRODUCT_BUNDLE_IDENTIFIER = com.mytest.imageAndCameraUITests;
				PRODUCT_NAME = "$(TARGET_NAME)";
				SWIFT_VERSION = 5.0;
				TARGETED_DEVICE_FAMILY = "1,2";
				TEST_TARGET_NAME = imageAndCamera;
			};
			name = Debug;
		};
		F8627C6E22F441C800A6F1D2 /* Release */ = {
			isa = XCBuildConfiguration;
			buildSettings = {
				ALWAYS_EMBED_SWIFT_STANDARD_LIBRARIES = YES;
				CODE_SIGN_STYLE = Automatic;
				DEVELOPMENT_TEAM = 9YH73QT2N7;
				INFOPLIST_FILE = imageAndCameraUITests/Info.plist;
				LD_RUNPATH_SEARCH_PATHS = (
					"$(inherited)",
					"@executable_path/Frameworks",
					"@loader_path/Frameworks",
				);
				PRODUCT_BUNDLE_IDENTIFIER = com.mytest.imageAndCameraUITests;
				PRODUCT_NAME = "$(TARGET_NAME)";
				SWIFT_VERSION = 5.0;
				TARGETED_DEVICE_FAMILY = "1,2";
				TEST_TARGET_NAME = imageAndCamera;
			};
			name = Release;
		};
/* End XCBuildConfiguration section */

/* Begin XCConfigurationList section */
		F8627C3922F441C700A6F1D2 /* Build configuration list for PBXProject "imageAndCamera" */ = {
			isa = XCConfigurationList;
			buildConfigurations = (
				F8627C6422F441C800A6F1D2 /* Debug */,
				F8627C6522F441C800A6F1D2 /* Release */,
			);
			defaultConfigurationIsVisible = 0;
			defaultConfigurationName = Release;
		};
		F8627C6622F441C800A6F1D2 /* Build configuration list for PBXNativeTarget "imageAndCamera" */ = {
			isa = XCConfigurationList;
			buildConfigurations = (
				F8627C6722F441C800A6F1D2 /* Debug */,
				F8627C6822F441C800A6F1D2 /* Release */,
			);
			defaultConfigurationIsVisible = 0;
			defaultConfigurationName = Release;
		};
		F8627C6922F441C800A6F1D2 /* Build configuration list for PBXNativeTarget "imageAndCameraTests" */ = {
			isa = XCConfigurationList;
			buildConfigurations = (
				F8627C6A22F441C800A6F1D2 /* Debug */,
				F8627C6B22F441C800A6F1D2 /* Release */,
			);
			defaultConfigurationIsVisible = 0;
			defaultConfigurationName = Release;
		};
		F8627C6C22F441C800A6F1D2 /* Build configuration list for PBXNativeTarget "imageAndCameraUITests" */ = {
			isa = XCConfigurationList;
			buildConfigurations = (
				F8627C6D22F441C800A6F1D2 /* Debug */,
				F8627C6E22F441C800A6F1D2 /* Release */,
			);
			defaultConfigurationIsVisible = 0;
			defaultConfigurationName = Release;
		};
/* End XCConfigurationList section */
	};
	rootObject = F8627C3622F441C700A6F1D2 /* Project object */;
}
